
Microsoft Visual Studio Solution File, Format Version 12.00
Project("{FAE04EC0-301F-11D3-BF4B-00C04F79EFBC}") = "WebApp", "WebApp\WebApp.csproj", "{411A3EED-FB40-492F-A1E2-45D57279D1A8}"
EndProject
Project("{2150E333-8FDC-42A3-9474-1A3956D46DE8}") = "0_Solution_Items", "0_Solution_Items", "{26DA3C38-B2D2-45F1-A9F3-0D3AD2F7537F}"
	ProjectSection(SolutionItems) = preProject
	Directory.Build.props = Directory.Build.props
		.gitignore = .gitignore
		README.md = README.md
	EndProjectSection
EndProject
Global
	GlobalSection(SolutionConfigurationPlatforms) = preSolution
		Debug|Any CPU = Debug|Any CPU
		Release|Any CPU = Release|Any CPU
	EndGlobalSection
	GlobalSection(ProjectConfigurationPlatforms) = postSolution
		{411A3EED-FB40-492F-A1E2-45D57279D1A8}.Debug|Any CPU.ActiveCfg = Debug|Any CPU
		{411A3EED-FB40-492F-A1E2-45D57279D1A8}.Debug|Any CPU.Build.0 = Debug|Any CPU
		{411A3EED-FB40-492F-A1E2-45D57279D1A8}.Release|Any CPU.ActiveCfg = Release|Any CPU
		{411A3EED-FB40-492F-A1E2-45D57279D1A8}.Release|Any CPU.Build.0 = Release|Any CPU
	EndGlobalSection
EndGlobal
