
Microsoft Visual Studio Solution File, Format Version 12.00
Project("{FAE04EC0-301F-11D3-BF4B-00C04F79EFBC}") = "WebApp", "WebApp\WebApp.csproj", "{411A3EED-FB40-492F-A1E2-45D57279D1A8}"
EndProject
Project("{2150E333-8FDC-42A3-9474-1A3956D46DE8}") = "0_Solution_Items", "0_Solution_Items", "{26DA3C38-B2D2-45F1-A9F3-0D3AD2F7537F}"
	ProjectSection(SolutionItems) = preProject
	Directory.Build.props = Directory.Build.props
		.gitignore = .gitignore
		README.md = README.md
		docker-compose.yaml = docker-compose.yaml
	EndProjectSection
EndProject
Project("{2150E333-8FDC-42A3-9474-1A3956D46DE8}") = "1_App", "1_App", "{B0465733-2255-4358-8FD9-27AEEC79A935}"
EndProject
Project("{FAE04EC0-301F-11D3-BF4B-00C04F79EFBC}") = "App.Domain", "App.Domain\App.Domain.csproj", "{1548243C-F5B4-4518-8BDA-DED3C41221A4}"
EndProject
Project("{2150E333-8FDC-42A3-9474-1A3956D46DE8}") = "2_Base", "2_Base", "{78129E71-813A-453F-BB4A-18BDDE76BEE9}"
EndProject
Project("{2150E333-8FDC-42A3-9474-1A3956D46DE8}") = "Contracts", "Contracts", "{7C5668F8-BD0C-45F7-AD22-037EB70FB83C}"
EndProject
Project("{FAE04EC0-301F-11D3-BF4B-00C04F79EFBC}") = "Base.Contracts", "Base.Contracts\Base.Contracts.csproj", "{6BB2A87D-165B-4AB1-B283-0E891BAD5AB2}"
EndProject
Project("{FAE04EC0-301F-11D3-BF4B-00C04F79EFBC}") = "Base.Contracts.BLL", "Base.Contracts.BLL\Base.Contracts.BLL.csproj", "{FD550510-216F-48DB-9BC0-3540D1288866}"
EndProject
Project("{FAE04EC0-301F-11D3-BF4B-00C04F79EFBC}") = "Base.Contracts.DAL", "Base.Contracts.DAL\Base.Contracts.DAL.csproj", "{D1DEB0E4-283C-4BB8-B3A1-CB3567DC40F9}"
EndProject
Project("{FAE04EC0-301F-11D3-BF4B-00C04F79EFBC}") = "Base.Contracts.Domain", "Base.Contracts.Domain\Base.Contracts.Domain.csproj", "{9F293C10-43B0-482A-B04F-17055516C653}"
EndProject
Project("{FAE04EC0-301F-11D3-BF4B-00C04F79EFBC}") = "Base.BLL", "Base.BLL\Base.BLL.csproj", "{7A76A42A-C803-4893-9DEC-30E0EC30700E}"
EndProject
Project("{FAE04EC0-301F-11D3-BF4B-00C04F79EFBC}") = "Base.DAL", "Base.DAL\Base.DAL.csproj", "{1C6F7067-5BAB-41E5-9C53-157A5BA457A5}"
EndProject
Project("{FAE04EC0-301F-11D3-BF4B-00C04F79EFBC}") = "Base.DAL.EF", "Base.DAL.EF\Base.DAL.EF.csproj", "{9617A1DB-5A24-4041-856A-CF919F0AB644}"
EndProject
Project("{FAE04EC0-301F-11D3-BF4B-00C04F79EFBC}") = "Base.Domain", "Base.Domain\Base.Domain.csproj", "{A7569705-DE5D-4B36-B1E4-C504A56DDCBE}"
EndProject
Project("{FAE04EC0-301F-11D3-BF4B-00C04F79EFBC}") = "Base.Helpers", "Base.Helpers\Base.Helpers.csproj", "{5A6C2AE6-D68A-47F0-900E-51E2B4DD54DD}"
EndProject
Project("{FAE04EC0-301F-11D3-BF4B-00C04F79EFBC}") = "App.DAL.EF", "App.DAL.EF\App.DAL.EF.csproj", "{999C3DEB-309A-4989-9853-9C5AAE0B2CCF}"
EndProject
Project("{2150E333-8FDC-42A3-9474-1A3956D46DE8}") = "Contracts", "Contracts", "{0C1E5966-B76E-4561-8036-11E91BFA2F10}"
EndProject
Project("{FAE04EC0-301F-11D3-BF4B-00C04F79EFBC}") = "App.Contracts.DAL", "App.Contracts.DAL\App.Contracts.DAL.csproj", "{6A9CB657-17FF-43A6-A16C-A52C6549E292}"
EndProject
Project("{2150E333-8FDC-42A3-9474-1A3956D46DE8}") = "Dtos", "Dtos", "{71560C15-7935-473C-88A4-5F97DE54291D}"
EndProject
Project("{FAE04EC0-301F-11D3-BF4B-00C04F79EFBC}") = "App.DTO.DAL", "App.DTO.DAL\App.DTO.DAL.csproj", "{D1343E67-9683-473C-AECC-30884B1D9449}"
EndProject
Project("{FAE04EC0-301F-11D3-BF4B-00C04F79EFBC}") = "App.DTO.Public", "App.DTO.Public\App.DTO.Public.csproj", "{268757F3-06C4-46E2-98F5-AB78DAF43488}"
EndProject
Project("{FAE04EC0-301F-11D3-BF4B-00C04F79EFBC}") = "App.Public", "App.Public\App.Public.csproj", "{C5B2C20F-DF1F-46C1-87F0-FFBDD4875AB2}"
EndProject
Global
	GlobalSection(SolutionConfigurationPlatforms) = preSolution
		Debug|Any CPU = Debug|Any CPU
		Release|Any CPU = Release|Any CPU
	EndGlobalSection
	GlobalSection(ProjectConfigurationPlatforms) = postSolution
		{411A3EED-FB40-492F-A1E2-45D57279D1A8}.Debug|Any CPU.ActiveCfg = Debug|Any CPU
		{411A3EED-FB40-492F-A1E2-45D57279D1A8}.Debug|Any CPU.Build.0 = Debug|Any CPU
		{411A3EED-FB40-492F-A1E2-45D57279D1A8}.Release|Any CPU.ActiveCfg = Release|Any CPU
		{411A3EED-FB40-492F-A1E2-45D57279D1A8}.Release|Any CPU.Build.0 = Release|Any CPU
		{1548243C-F5B4-4518-8BDA-DED3C41221A4}.Debug|Any CPU.ActiveCfg = Debug|Any CPU
		{1548243C-F5B4-4518-8BDA-DED3C41221A4}.Debug|Any CPU.Build.0 = Debug|Any CPU
		{1548243C-F5B4-4518-8BDA-DED3C41221A4}.Release|Any CPU.ActiveCfg = Release|Any CPU
		{1548243C-F5B4-4518-8BDA-DED3C41221A4}.Release|Any CPU.Build.0 = Release|Any CPU
		{6BB2A87D-165B-4AB1-B283-0E891BAD5AB2}.Debug|Any CPU.ActiveCfg = Debug|Any CPU
		{6BB2A87D-165B-4AB1-B283-0E891BAD5AB2}.Debug|Any CPU.Build.0 = Debug|Any CPU
		{6BB2A87D-165B-4AB1-B283-0E891BAD5AB2}.Release|Any CPU.ActiveCfg = Release|Any CPU
		{6BB2A87D-165B-4AB1-B283-0E891BAD5AB2}.Release|Any CPU.Build.0 = Release|Any CPU
		{FD550510-216F-48DB-9BC0-3540D1288866}.Debug|Any CPU.ActiveCfg = Debug|Any CPU
		{FD550510-216F-48DB-9BC0-3540D1288866}.Debug|Any CPU.Build.0 = Debug|Any CPU
		{FD550510-216F-48DB-9BC0-3540D1288866}.Release|Any CPU.ActiveCfg = Release|Any CPU
		{FD550510-216F-48DB-9BC0-3540D1288866}.Release|Any CPU.Build.0 = Release|Any CPU
		{D1DEB0E4-283C-4BB8-B3A1-CB3567DC40F9}.Debug|Any CPU.ActiveCfg = Debug|Any CPU
		{D1DEB0E4-283C-4BB8-B3A1-CB3567DC40F9}.Debug|Any CPU.Build.0 = Debug|Any CPU
		{D1DEB0E4-283C-4BB8-B3A1-CB3567DC40F9}.Release|Any CPU.ActiveCfg = Release|Any CPU
		{D1DEB0E4-283C-4BB8-B3A1-CB3567DC40F9}.Release|Any CPU.Build.0 = Release|Any CPU
		{9F293C10-43B0-482A-B04F-17055516C653}.Debug|Any CPU.ActiveCfg = Debug|Any CPU
		{9F293C10-43B0-482A-B04F-17055516C653}.Debug|Any CPU.Build.0 = Debug|Any CPU
		{9F293C10-43B0-482A-B04F-17055516C653}.Release|Any CPU.ActiveCfg = Release|Any CPU
		{9F293C10-43B0-482A-B04F-17055516C653}.Release|Any CPU.Build.0 = Release|Any CPU
		{7A76A42A-C803-4893-9DEC-30E0EC30700E}.Debug|Any CPU.ActiveCfg = Debug|Any CPU
		{7A76A42A-C803-4893-9DEC-30E0EC30700E}.Debug|Any CPU.Build.0 = Debug|Any CPU
		{7A76A42A-C803-4893-9DEC-30E0EC30700E}.Release|Any CPU.ActiveCfg = Release|Any CPU
		{7A76A42A-C803-4893-9DEC-30E0EC30700E}.Release|Any CPU.Build.0 = Release|Any CPU
		{1C6F7067-5BAB-41E5-9C53-157A5BA457A5}.Debug|Any CPU.ActiveCfg = Debug|Any CPU
		{1C6F7067-5BAB-41E5-9C53-157A5BA457A5}.Debug|Any CPU.Build.0 = Debug|Any CPU
		{1C6F7067-5BAB-41E5-9C53-157A5BA457A5}.Release|Any CPU.ActiveCfg = Release|Any CPU
		{1C6F7067-5BAB-41E5-9C53-157A5BA457A5}.Release|Any CPU.Build.0 = Release|Any CPU
		{9617A1DB-5A24-4041-856A-CF919F0AB644}.Debug|Any CPU.ActiveCfg = Debug|Any CPU
		{9617A1DB-5A24-4041-856A-CF919F0AB644}.Debug|Any CPU.Build.0 = Debug|Any CPU
		{9617A1DB-5A24-4041-856A-CF919F0AB644}.Release|Any CPU.ActiveCfg = Release|Any CPU
		{9617A1DB-5A24-4041-856A-CF919F0AB644}.Release|Any CPU.Build.0 = Release|Any CPU
		{A7569705-DE5D-4B36-B1E4-C504A56DDCBE}.Debug|Any CPU.ActiveCfg = Debug|Any CPU
		{A7569705-DE5D-4B36-B1E4-C504A56DDCBE}.Debug|Any CPU.Build.0 = Debug|Any CPU
		{A7569705-DE5D-4B36-B1E4-C504A56DDCBE}.Release|Any CPU.ActiveCfg = Release|Any CPU
		{A7569705-DE5D-4B36-B1E4-C504A56DDCBE}.Release|Any CPU.Build.0 = Release|Any CPU
		{5A6C2AE6-D68A-47F0-900E-51E2B4DD54DD}.Debug|Any CPU.ActiveCfg = Debug|Any CPU
		{5A6C2AE6-D68A-47F0-900E-51E2B4DD54DD}.Debug|Any CPU.Build.0 = Debug|Any CPU
		{5A6C2AE6-D68A-47F0-900E-51E2B4DD54DD}.Release|Any CPU.ActiveCfg = Release|Any CPU
		{5A6C2AE6-D68A-47F0-900E-51E2B4DD54DD}.Release|Any CPU.Build.0 = Release|Any CPU
		{999C3DEB-309A-4989-9853-9C5AAE0B2CCF}.Debug|Any CPU.ActiveCfg = Debug|Any CPU
		{999C3DEB-309A-4989-9853-9C5AAE0B2CCF}.Debug|Any CPU.Build.0 = Debug|Any CPU
		{999C3DEB-309A-4989-9853-9C5AAE0B2CCF}.Release|Any CPU.ActiveCfg = Release|Any CPU
		{999C3DEB-309A-4989-9853-9C5AAE0B2CCF}.Release|Any CPU.Build.0 = Release|Any CPU
		{6A9CB657-17FF-43A6-A16C-A52C6549E292}.Debug|Any CPU.ActiveCfg = Debug|Any CPU
		{6A9CB657-17FF-43A6-A16C-A52C6549E292}.Debug|Any CPU.Build.0 = Debug|Any CPU
		{6A9CB657-17FF-43A6-A16C-A52C6549E292}.Release|Any CPU.ActiveCfg = Release|Any CPU
		{6A9CB657-17FF-43A6-A16C-A52C6549E292}.Release|Any CPU.Build.0 = Release|Any CPU
		{D1343E67-9683-473C-AECC-30884B1D9449}.Debug|Any CPU.ActiveCfg = Debug|Any CPU
		{D1343E67-9683-473C-AECC-30884B1D9449}.Debug|Any CPU.Build.0 = Debug|Any CPU
		{D1343E67-9683-473C-AECC-30884B1D9449}.Release|Any CPU.ActiveCfg = Release|Any CPU
		{D1343E67-9683-473C-AECC-30884B1D9449}.Release|Any CPU.Build.0 = Release|Any CPU
		{268757F3-06C4-46E2-98F5-AB78DAF43488}.Debug|Any CPU.ActiveCfg = Debug|Any CPU
		{268757F3-06C4-46E2-98F5-AB78DAF43488}.Debug|Any CPU.Build.0 = Debug|Any CPU
		{268757F3-06C4-46E2-98F5-AB78DAF43488}.Release|Any CPU.ActiveCfg = Release|Any CPU
		{268757F3-06C4-46E2-98F5-AB78DAF43488}.Release|Any CPU.Build.0 = Release|Any CPU
		{C5B2C20F-DF1F-46C1-87F0-FFBDD4875AB2}.Debug|Any CPU.ActiveCfg = Debug|Any CPU
		{C5B2C20F-DF1F-46C1-87F0-FFBDD4875AB2}.Debug|Any CPU.Build.0 = Debug|Any CPU
		{C5B2C20F-DF1F-46C1-87F0-FFBDD4875AB2}.Release|Any CPU.ActiveCfg = Release|Any CPU
		{C5B2C20F-DF1F-46C1-87F0-FFBDD4875AB2}.Release|Any CPU.Build.0 = Release|Any CPU
	EndGlobalSection
	GlobalSection(NestedProjects) = preSolution
		{411A3EED-FB40-492F-A1E2-45D57279D1A8} = {B0465733-2255-4358-8FD9-27AEEC79A935}
		{1548243C-F5B4-4518-8BDA-DED3C41221A4} = {B0465733-2255-4358-8FD9-27AEEC79A935}
		{7C5668F8-BD0C-45F7-AD22-037EB70FB83C} = {78129E71-813A-453F-BB4A-18BDDE76BEE9}
		{6BB2A87D-165B-4AB1-B283-0E891BAD5AB2} = {7C5668F8-BD0C-45F7-AD22-037EB70FB83C}
		{FD550510-216F-48DB-9BC0-3540D1288866} = {7C5668F8-BD0C-45F7-AD22-037EB70FB83C}
		{D1DEB0E4-283C-4BB8-B3A1-CB3567DC40F9} = {7C5668F8-BD0C-45F7-AD22-037EB70FB83C}
		{9F293C10-43B0-482A-B04F-17055516C653} = {7C5668F8-BD0C-45F7-AD22-037EB70FB83C}
		{7A76A42A-C803-4893-9DEC-30E0EC30700E} = {78129E71-813A-453F-BB4A-18BDDE76BEE9}
		{1C6F7067-5BAB-41E5-9C53-157A5BA457A5} = {78129E71-813A-453F-BB4A-18BDDE76BEE9}
		{9617A1DB-5A24-4041-856A-CF919F0AB644} = {78129E71-813A-453F-BB4A-18BDDE76BEE9}
		{A7569705-DE5D-4B36-B1E4-C504A56DDCBE} = {78129E71-813A-453F-BB4A-18BDDE76BEE9}
		{5A6C2AE6-D68A-47F0-900E-51E2B4DD54DD} = {78129E71-813A-453F-BB4A-18BDDE76BEE9}
		{999C3DEB-309A-4989-9853-9C5AAE0B2CCF} = {B0465733-2255-4358-8FD9-27AEEC79A935}
		{0C1E5966-B76E-4561-8036-11E91BFA2F10} = {B0465733-2255-4358-8FD9-27AEEC79A935}
		{6A9CB657-17FF-43A6-A16C-A52C6549E292} = {0C1E5966-B76E-4561-8036-11E91BFA2F10}
		{71560C15-7935-473C-88A4-5F97DE54291D} = {B0465733-2255-4358-8FD9-27AEEC79A935}
		{D1343E67-9683-473C-AECC-30884B1D9449} = {71560C15-7935-473C-88A4-5F97DE54291D}
		{268757F3-06C4-46E2-98F5-AB78DAF43488} = {71560C15-7935-473C-88A4-5F97DE54291D}
		{C5B2C20F-DF1F-46C1-87F0-FFBDD4875AB2} = {B0465733-2255-4358-8FD9-27AEEC79A935}
	EndGlobalSection
EndGlobal
